// !$*UTF8*$!
{
	archiveVersion = 1;
	classes = {
	};
	objectVersion = 56;
	objects = {

/* Begin PBXBuildFile section */
		DE44A9562B70E2CB002EC78B /* AppDelegate.swift in Sources */ = {isa = PBXBuildFile; fileRef = DE44A9552B70E2CB002EC78B /* AppDelegate.swift */; };
		DE44A9582B70E2CB002EC78B /* SceneDelegate.swift in Sources */ = {isa = PBXBuildFile; fileRef = DE44A9572B70E2CB002EC78B /* SceneDelegate.swift */; };
		DE44A95A2B70E2CB002EC78B /* CalenderPickerViewController.swift in Sources */ = {isa = PBXBuildFile; fileRef = DE44A9592B70E2CB002EC78B /* CalenderPickerViewController.swift */; };
		DE44A95D2B70E2CB002EC78B /* Main.storyboard in Resources */ = {isa = PBXBuildFile; fileRef = DE44A95B2B70E2CB002EC78B /* Main.storyboard */; };
		DE44A95F2B70E2CD002EC78B /* Assets.xcassets in Resources */ = {isa = PBXBuildFile; fileRef = DE44A95E2B70E2CD002EC78B /* Assets.xcassets */; };
		DE44A9622B70E2CD002EC78B /* LaunchScreen.storyboard in Resources */ = {isa = PBXBuildFile; fileRef = DE44A9602B70E2CD002EC78B /* LaunchScreen.storyboard */; };
		DE44A96D2B70E2CD002EC78B /* DayCraftTests.swift in Sources */ = {isa = PBXBuildFile; fileRef = DE44A96C2B70E2CD002EC78B /* DayCraftTests.swift */; };
		DE44A9772B70E2CD002EC78B /* DayCraftUITests.swift in Sources */ = {isa = PBXBuildFile; fileRef = DE44A9762B70E2CD002EC78B /* DayCraftUITests.swift */; };
		DE44A9792B70E2CD002EC78B /* DayCraftUITestsLaunchTests.swift in Sources */ = {isa = PBXBuildFile; fileRef = DE44A9782B70E2CD002EC78B /* DayCraftUITestsLaunchTests.swift */; };
		DE44A98A2B70E393002EC78B /* WeekDayCollectionViewCell.swift in Sources */ = {isa = PBXBuildFile; fileRef = DE44A9892B70E393002EC78B /* WeekDayCollectionViewCell.swift */; };
		DE44A98C2B70E3AC002EC78B /* MonthCollectionViewCell.swift in Sources */ = {isa = PBXBuildFile; fileRef = DE44A98B2B70E3AC002EC78B /* MonthCollectionViewCell.swift */; };
/* End PBXBuildFile section */

/* Begin PBXContainerItemProxy section */
		DE44A9692B70E2CD002EC78B /* PBXContainerItemProxy */ = {
			isa = PBXContainerItemProxy;
			containerPortal = DE44A94A2B70E2CA002EC78B /* Project object */;
			proxyType = 1;
			remoteGlobalIDString = DE44A9512B70E2CB002EC78B;
			remoteInfo = DayCraft;
		};
		DE44A9732B70E2CD002EC78B /* PBXContainerItemProxy */ = {
			isa = PBXContainerItemProxy;
			containerPortal = DE44A94A2B70E2CA002EC78B /* Project object */;
			proxyType = 1;
			remoteGlobalIDString = DE44A9512B70E2CB002EC78B;
			remoteInfo = DayCraft;
		};
/* End PBXContainerItemProxy section */

/* Begin PBXFileReference section */
		DE44A9522B70E2CB002EC78B /* DayCraft.app */ = {isa = PBXFileReference; explicitFileType = wrapper.application; includeInIndex = 0; path = DayCraft.app; sourceTree = BUILT_PRODUCTS_DIR; };
		DE44A9552B70E2CB002EC78B /* AppDelegate.swift */ = {isa = PBXFileReference; lastKnownFileType = sourcecode.swift; path = AppDelegate.swift; sourceTree = "<group>"; };
		DE44A9572B70E2CB002EC78B /* SceneDelegate.swift */ = {isa = PBXFileReference; lastKnownFileType = sourcecode.swift; path = SceneDelegate.swift; sourceTree = "<group>"; };
		DE44A9592B70E2CB002EC78B /* CalenderPickerViewController.swift */ = {isa = PBXFileReference; lastKnownFileType = sourcecode.swift; path = CalenderPickerViewController.swift; sourceTree = "<group>"; };
		DE44A95C2B70E2CB002EC78B /* Base */ = {isa = PBXFileReference; lastKnownFileType = file.storyboard; name = Base; path = Base.lproj/Main.storyboard; sourceTree = "<group>"; };
		DE44A95E2B70E2CD002EC78B /* Assets.xcassets */ = {isa = PBXFileReference; lastKnownFileType = folder.assetcatalog; path = Assets.xcassets; sourceTree = "<group>"; };
		DE44A9612B70E2CD002EC78B /* Base */ = {isa = PBXFileReference; lastKnownFileType = file.storyboard; name = Base; path = Base.lproj/LaunchScreen.storyboard; sourceTree = "<group>"; };
		DE44A9632B70E2CD002EC78B /* Info.plist */ = {isa = PBXFileReference; lastKnownFileType = text.plist.xml; path = Info.plist; sourceTree = "<group>"; };
		DE44A9682B70E2CD002EC78B /* DayCraftTests.xctest */ = {isa = PBXFileReference; explicitFileType = wrapper.cfbundle; includeInIndex = 0; path = DayCraftTests.xctest; sourceTree = BUILT_PRODUCTS_DIR; };
		DE44A96C2B70E2CD002EC78B /* DayCraftTests.swift */ = {isa = PBXFileReference; lastKnownFileType = sourcecode.swift; path = DayCraftTests.swift; sourceTree = "<group>"; };
		DE44A9722B70E2CD002EC78B /* DayCraftUITests.xctest */ = {isa = PBXFileReference; explicitFileType = wrapper.cfbundle; includeInIndex = 0; path = DayCraftUITests.xctest; sourceTree = BUILT_PRODUCTS_DIR; };
		DE44A9762B70E2CD002EC78B /* DayCraftUITests.swift */ = {isa = PBXFileReference; lastKnownFileType = sourcecode.swift; path = DayCraftUITests.swift; sourceTree = "<group>"; };
		DE44A9782B70E2CD002EC78B /* DayCraftUITestsLaunchTests.swift */ = {isa = PBXFileReference; lastKnownFileType = sourcecode.swift; path = DayCraftUITestsLaunchTests.swift; sourceTree = "<group>"; };
		DE44A9892B70E393002EC78B /* WeekDayCollectionViewCell.swift */ = {isa = PBXFileReference; lastKnownFileType = sourcecode.swift; path = WeekDayCollectionViewCell.swift; sourceTree = "<group>"; };
		DE44A98B2B70E3AC002EC78B /* MonthCollectionViewCell.swift */ = {isa = PBXFileReference; lastKnownFileType = sourcecode.swift; path = MonthCollectionViewCell.swift; sourceTree = "<group>"; };
/* End PBXFileReference section */

/* Begin PBXFrameworksBuildPhase section */
		DE44A94F2B70E2CB002EC78B /* Frameworks */ = {
			isa = PBXFrameworksBuildPhase;
			buildActionMask = 2147483647;
			files = (
			);
			runOnlyForDeploymentPostprocessing = 0;
		};
		DE44A9652B70E2CD002EC78B /* Frameworks */ = {
			isa = PBXFrameworksBuildPhase;
			buildActionMask = 2147483647;
			files = (
			);
			runOnlyForDeploymentPostprocessing = 0;
		};
		DE44A96F2B70E2CD002EC78B /* Frameworks */ = {
			isa = PBXFrameworksBuildPhase;
			buildActionMask = 2147483647;
			files = (
			);
			runOnlyForDeploymentPostprocessing = 0;
		};
/* End PBXFrameworksBuildPhase section */

/* Begin PBXGroup section */
		DE44A9492B70E2CA002EC78B = {
			isa = PBXGroup;
			children = (
				DE44A9542B70E2CB002EC78B /* DayCraft */,
				DE44A96B2B70E2CD002EC78B /* DayCraftTests */,
				DE44A9752B70E2CD002EC78B /* DayCraftUITests */,
				DE44A9532B70E2CB002EC78B /* Products */,
			);
			sourceTree = "<group>";
		};
		DE44A9532B70E2CB002EC78B /* Products */ = {
			isa = PBXGroup;
			children = (
				DE44A9522B70E2CB002EC78B /* DayCraft.app */,
				DE44A9682B70E2CD002EC78B /* DayCraftTests.xctest */,
				DE44A9722B70E2CD002EC78B /* DayCraftUITests.xctest */,
			);
			name = Products;
			sourceTree = "<group>";
		};
		DE44A9542B70E2CB002EC78B /* DayCraft */ = {
			isa = PBXGroup;
			children = (
				DE44A9852B70E345002EC78B /* AppConfig */,
				DE44A9862B70E367002EC78B /* Views */,
				DE44A98D2B70E3BD002EC78B /* Controller */,
				DE44A98E2B70E3CB002EC78B /* Resources */,
				DE44A9632B70E2CD002EC78B /* Info.plist */,
			);
			path = DayCraft;
			sourceTree = "<group>";
		};
		DE44A96B2B70E2CD002EC78B /* DayCraftTests */ = {
			isa = PBXGroup;
			children = (
				DE44A96C2B70E2CD002EC78B /* DayCraftTests.swift */,
			);
			path = DayCraftTests;
			sourceTree = "<group>";
		};
		DE44A9752B70E2CD002EC78B /* DayCraftUITests */ = {
			isa = PBXGroup;
			children = (
				DE44A9762B70E2CD002EC78B /* DayCraftUITests.swift */,
				DE44A9782B70E2CD002EC78B /* DayCraftUITestsLaunchTests.swift */,
			);
			path = DayCraftUITests;
			sourceTree = "<group>";
		};
		DE44A9852B70E345002EC78B /* AppConfig */ = {
			isa = PBXGroup;
			children = (
				DE44A9552B70E2CB002EC78B /* AppDelegate.swift */,
				DE44A9572B70E2CB002EC78B /* SceneDelegate.swift */,
			);
			path = AppConfig;
			sourceTree = "<group>";
		};
		DE44A9862B70E367002EC78B /* Views */ = {
			isa = PBXGroup;
			children = (
				DE44A9882B70E37F002EC78B /* CustomCells */,
				DE44A9872B70E372002EC78B /* Xibs */,
			);
			path = Views;
			sourceTree = "<group>";
		};
		DE44A9872B70E372002EC78B /* Xibs */ = {
			isa = PBXGroup;
			children = (
				DE44A9602B70E2CD002EC78B /* LaunchScreen.storyboard */,
				DE44A95B2B70E2CB002EC78B /* Main.storyboard */,
			);
			path = Xibs;
			sourceTree = "<group>";
		};
		DE44A9882B70E37F002EC78B /* CustomCells */ = {
			isa = PBXGroup;
			children = (
				DE44A9892B70E393002EC78B /* WeekDayCollectionViewCell.swift */,
				DE44A98B2B70E3AC002EC78B /* MonthCollectionViewCell.swift */,
			);
			path = CustomCells;
			sourceTree = "<group>";
		};
		DE44A98D2B70E3BD002EC78B /* Controller */ = {
			isa = PBXGroup;
			children = (
				DE44A9592B70E2CB002EC78B /* CalenderPickerViewController.swift */,
			);
			path = Controller;
			sourceTree = "<group>";
		};
		DE44A98E2B70E3CB002EC78B /* Resources */ = {
			isa = PBXGroup;
			children = (
				DE44A95E2B70E2CD002EC78B /* Assets.xcassets */,
			);
			path = Resources;
			sourceTree = "<group>";
		};
/* End PBXGroup section */

/* Begin PBXNativeTarget section */
		DE44A9512B70E2CB002EC78B /* DayCraft */ = {
			isa = PBXNativeTarget;
			buildConfigurationList = DE44A97C2B70E2CD002EC78B /* Build configuration list for PBXNativeTarget "DayCraft" */;
			buildPhases = (
				DE44A94E2B70E2CB002EC78B /* Sources */,
				DE44A94F2B70E2CB002EC78B /* Frameworks */,
				DE44A9502B70E2CB002EC78B /* Resources */,
			);
			buildRules = (
			);
			dependencies = (
			);
			name = DayCraft;
			productName = DayCraft;
			productReference = DE44A9522B70E2CB002EC78B /* DayCraft.app */;
			productType = "com.apple.product-type.application";
		};
		DE44A9672B70E2CD002EC78B /* DayCraftTests */ = {
			isa = PBXNativeTarget;
			buildConfigurationList = DE44A97F2B70E2CD002EC78B /* Build configuration list for PBXNativeTarget "DayCraftTests" */;
			buildPhases = (
				DE44A9642B70E2CD002EC78B /* Sources */,
				DE44A9652B70E2CD002EC78B /* Frameworks */,
				DE44A9662B70E2CD002EC78B /* Resources */,
			);
			buildRules = (
			);
			dependencies = (
				DE44A96A2B70E2CD002EC78B /* PBXTargetDependency */,
			);
			name = DayCraftTests;
			productName = DayCraftTests;
			productReference = DE44A9682B70E2CD002EC78B /* DayCraftTests.xctest */;
			productType = "com.apple.product-type.bundle.unit-test";
		};
		DE44A9712B70E2CD002EC78B /* DayCraftUITests */ = {
			isa = PBXNativeTarget;
			buildConfigurationList = DE44A9822B70E2CD002EC78B /* Build configuration list for PBXNativeTarget "DayCraftUITests" */;
			buildPhases = (
				DE44A96E2B70E2CD002EC78B /* Sources */,
				DE44A96F2B70E2CD002EC78B /* Frameworks */,
				DE44A9702B70E2CD002EC78B /* Resources */,
			);
			buildRules = (
			);
			dependencies = (
				DE44A9742B70E2CD002EC78B /* PBXTargetDependency */,
			);
			name = DayCraftUITests;
			productName = DayCraftUITests;
			productReference = DE44A9722B70E2CD002EC78B /* DayCraftUITests.xctest */;
			productType = "com.apple.product-type.bundle.ui-testing";
		};
/* End PBXNativeTarget section */

/* Begin PBXProject section */
		DE44A94A2B70E2CA002EC78B /* Project object */ = {
			isa = PBXProject;
			attributes = {
				BuildIndependentTargetsInParallel = 1;
				LastSwiftUpdateCheck = 1520;
				LastUpgradeCheck = 1520;
				TargetAttributes = {
					DE44A9512B70E2CB002EC78B = {
						CreatedOnToolsVersion = 15.2;
					};
					DE44A9672B70E2CD002EC78B = {
						CreatedOnToolsVersion = 15.2;
						TestTargetID = DE44A9512B70E2CB002EC78B;
					};
					DE44A9712B70E2CD002EC78B = {
						CreatedOnToolsVersion = 15.2;
						TestTargetID = DE44A9512B70E2CB002EC78B;
					};
				};
			};
			buildConfigurationList = DE44A94D2B70E2CA002EC78B /* Build configuration list for PBXProject "DayCraft" */;
			compatibilityVersion = "Xcode 14.0";
			developmentRegion = en;
			hasScannedForEncodings = 0;
			knownRegions = (
				en,
				Base,
			);
			mainGroup = DE44A9492B70E2CA002EC78B;
			productRefGroup = DE44A9532B70E2CB002EC78B /* Products */;
			projectDirPath = "";
			projectRoot = "";
			targets = (
				DE44A9512B70E2CB002EC78B /* DayCraft */,
				DE44A9672B70E2CD002EC78B /* DayCraftTests */,
				DE44A9712B70E2CD002EC78B /* DayCraftUITests */,
			);
		};
/* End PBXProject section */

/* Begin PBXResourcesBuildPhase section */
		DE44A9502B70E2CB002EC78B /* Resources */ = {
			isa = PBXResourcesBuildPhase;
			buildActionMask = 2147483647;
			files = (
				DE44A9622B70E2CD002EC78B /* LaunchScreen.storyboard in Resources */,
				DE44A95F2B70E2CD002EC78B /* Assets.xcassets in Resources */,
				DE44A95D2B70E2CB002EC78B /* Main.storyboard in Resources */,
			);
			runOnlyForDeploymentPostprocessing = 0;
		};
		DE44A9662B70E2CD002EC78B /* Resources */ = {
			isa = PBXResourcesBuildPhase;
			buildActionMask = 2147483647;
			files = (
			);
			runOnlyForDeploymentPostprocessing = 0;
		};
		DE44A9702B70E2CD002EC78B /* Resources */ = {
			isa = PBXResourcesBuildPhase;
			buildActionMask = 2147483647;
			files = (
			);
			runOnlyForDeploymentPostprocessing = 0;
		};
/* End PBXResourcesBuildPhase section */

/* Begin PBXSourcesBuildPhase section */
		DE44A94E2B70E2CB002EC78B /* Sources */ = {
			isa = PBXSourcesBuildPhase;
			buildActionMask = 2147483647;
			files = (
				DE44A95A2B70E2CB002EC78B /* CalenderPickerViewController.swift in Sources */,
				DE44A98C2B70E3AC002EC78B /* MonthCollectionViewCell.swift in Sources */,
				DE44A9562B70E2CB002EC78B /* AppDelegate.swift in Sources */,
				DE44A9582B70E2CB002EC78B /* SceneDelegate.swift in Sources */,
				DE44A98A2B70E393002EC78B /* WeekDayCollectionViewCell.swift in Sources */,
			);
			runOnlyForDeploymentPostprocessing = 0;
		};
		DE44A9642B70E2CD002EC78B /* Sources */ = {
			isa = PBXSourcesBuildPhase;
			buildActionMask = 2147483647;
			files = (
				DE44A96D2B70E2CD002EC78B /* DayCraftTests.swift in Sources */,
			);
			runOnlyForDeploymentPostprocessing = 0;
		};
		DE44A96E2B70E2CD002EC78B /* Sources */ = {
			isa = PBXSourcesBuildPhase;
			buildActionMask = 2147483647;
			files = (
				DE44A9792B70E2CD002EC78B /* DayCraftUITestsLaunchTests.swift in Sources */,
				DE44A9772B70E2CD002EC78B /* DayCraftUITests.swift in Sources */,
			);
			runOnlyForDeploymentPostprocessing = 0;
		};
/* End PBXSourcesBuildPhase section */

/* Begin PBXTargetDependency section */
		DE44A96A2B70E2CD002EC78B /* PBXTargetDependency */ = {
			isa = PBXTargetDependency;
			target = DE44A9512B70E2CB002EC78B /* DayCraft */;
			targetProxy = DE44A9692B70E2CD002EC78B /* PBXContainerItemProxy */;
		};
		DE44A9742B70E2CD002EC78B /* PBXTargetDependency */ = {
			isa = PBXTargetDependency;
			target = DE44A9512B70E2CB002EC78B /* DayCraft */;
			targetProxy = DE44A9732B70E2CD002EC78B /* PBXContainerItemProxy */;
		};
/* End PBXTargetDependency section */

/* Begin PBXVariantGroup section */
		DE44A95B2B70E2CB002EC78B /* Main.storyboard */ = {
			isa = PBXVariantGroup;
			children = (
				DE44A95C2B70E2CB002EC78B /* Base */,
			);
			name = Main.storyboard;
			sourceTree = "<group>";
		};
		DE44A9602B70E2CD002EC78B /* LaunchScreen.storyboard */ = {
			isa = PBXVariantGroup;
			children = (
				DE44A9612B70E2CD002EC78B /* Base */,
			);
			name = LaunchScreen.storyboard;
			sourceTree = "<group>";
		};
/* End PBXVariantGroup section */

/* Begin XCBuildConfiguration section */
		DE44A97A2B70E2CD002EC78B /* Debug */ = {
			isa = XCBuildConfiguration;
			buildSettings = {
				ALWAYS_SEARCH_USER_PATHS = NO;
				ASSETCATALOG_COMPILER_GENERATE_SWIFT_ASSET_SYMBOL_EXTENSIONS = YES;
				CLANG_ANALYZER_NONNULL = YES;
				CLANG_ANALYZER_NUMBER_OBJECT_CONVERSION = YES_AGGRESSIVE;
				CLANG_CXX_LANGUAGE_STANDARD = "gnu++20";
				CLANG_ENABLE_MODULES = YES;
				CLANG_ENABLE_OBJC_ARC = YES;
				CLANG_ENABLE_OBJC_WEAK = YES;
				CLANG_WARN_BLOCK_CAPTURE_AUTORELEASING = YES;
				CLANG_WARN_BOOL_CONVERSION = YES;
				CLANG_WARN_COMMA = YES;
				CLANG_WARN_CONSTANT_CONVERSION = YES;
				CLANG_WARN_DEPRECATED_OBJC_IMPLEMENTATIONS = YES;
				CLANG_WARN_DIRECT_OBJC_ISA_USAGE = YES_ERROR;
				CLANG_WARN_DOCUMENTATION_COMMENTS = YES;
				CLANG_WARN_EMPTY_BODY = YES;
				CLANG_WARN_ENUM_CONVERSION = YES;
				CLANG_WARN_INFINITE_RECURSION = YES;
				CLANG_WARN_INT_CONVERSION = YES;
				CLANG_WARN_NON_LITERAL_NULL_CONVERSION = YES;
				CLANG_WARN_OBJC_IMPLICIT_RETAIN_SELF = YES;
				CLANG_WARN_OBJC_LITERAL_CONVERSION = YES;
				CLANG_WARN_OBJC_ROOT_CLASS = YES_ERROR;
				CLANG_WARN_QUOTED_INCLUDE_IN_FRAMEWORK_HEADER = YES;
				CLANG_WARN_RANGE_LOOP_ANALYSIS = YES;
				CLANG_WARN_STRICT_PROTOTYPES = YES;
				CLANG_WARN_SUSPICIOUS_MOVE = YES;
				CLANG_WARN_UNGUARDED_AVAILABILITY = YES_AGGRESSIVE;
				CLANG_WARN_UNREACHABLE_CODE = YES;
				CLANG_WARN__DUPLICATE_METHOD_MATCH = YES;
				COPY_PHASE_STRIP = NO;
				DEBUG_INFORMATION_FORMAT = dwarf;
				ENABLE_STRICT_OBJC_MSGSEND = YES;
				ENABLE_TESTABILITY = YES;
				ENABLE_USER_SCRIPT_SANDBOXING = YES;
				GCC_C_LANGUAGE_STANDARD = gnu17;
				GCC_DYNAMIC_NO_PIC = NO;
				GCC_NO_COMMON_BLOCKS = YES;
				GCC_OPTIMIZATION_LEVEL = 0;
				GCC_PREPROCESSOR_DEFINITIONS = (
					"DEBUG=1",
					"$(inherited)",
				);
				GCC_WARN_64_TO_32_BIT_CONVERSION = YES;
				GCC_WARN_ABOUT_RETURN_TYPE = YES_ERROR;
				GCC_WARN_UNDECLARED_SELECTOR = YES;
				GCC_WARN_UNINITIALIZED_AUTOS = YES_AGGRESSIVE;
				GCC_WARN_UNUSED_FUNCTION = YES;
				GCC_WARN_UNUSED_VARIABLE = YES;
				IPHONEOS_DEPLOYMENT_TARGET = 17.2;
				LOCALIZATION_PREFERS_STRING_CATALOGS = YES;
				MTL_ENABLE_DEBUG_INFO = INCLUDE_SOURCE;
				MTL_FAST_MATH = YES;
				ONLY_ACTIVE_ARCH = YES;
				SDKROOT = iphoneos;
				SWIFT_ACTIVE_COMPILATION_CONDITIONS = "DEBUG $(inherited)";
				SWIFT_OPTIMIZATION_LEVEL = "-Onone";
			};
			name = Debug;
		};
		DE44A97B2B70E2CD002EC78B /* Release */ = {
			isa = XCBuildConfiguration;
			buildSettings = {
				ALWAYS_SEARCH_USER_PATHS = NO;
				ASSETCATALOG_COMPILER_GENERATE_SWIFT_ASSET_SYMBOL_EXTENSIONS = YES;
				CLANG_ANALYZER_NONNULL = YES;
				CLANG_ANALYZER_NUMBER_OBJECT_CONVERSION = YES_AGGRESSIVE;
				CLANG_CXX_LANGUAGE_STANDARD = "gnu++20";
				CLANG_ENABLE_MODULES = YES;
				CLANG_ENABLE_OBJC_ARC = YES;
				CLANG_ENABLE_OBJC_WEAK = YES;
				CLANG_WARN_BLOCK_CAPTURE_AUTORELEASING = YES;
				CLANG_WARN_BOOL_CONVERSION = YES;
				CLANG_WARN_COMMA = YES;
				CLANG_WARN_CONSTANT_CONVERSION = YES;
				CLANG_WARN_DEPRECATED_OBJC_IMPLEMENTATIONS = YES;
				CLANG_WARN_DIRECT_OBJC_ISA_USAGE = YES_ERROR;
				CLANG_WARN_DOCUMENTATION_COMMENTS = YES;
				CLANG_WARN_EMPTY_BODY = YES;
				CLANG_WARN_ENUM_CONVERSION = YES;
				CLANG_WARN_INFINITE_RECURSION = YES;
				CLANG_WARN_INT_CONVERSION = YES;
				CLANG_WARN_NON_LITERAL_NULL_CONVERSION = YES;
				CLANG_WARN_OBJC_IMPLICIT_RETAIN_SELF = YES;
				CLANG_WARN_OBJC_LITERAL_CONVERSION = YES;
				CLANG_WARN_OBJC_ROOT_CLASS = YES_ERROR;
				CLANG_WARN_QUOTED_INCLUDE_IN_FRAMEWORK_HEADER = YES;
				CLANG_WARN_RANGE_LOOP_ANALYSIS = YES;
				CLANG_WARN_STRICT_PROTOTYPES = YES;
				CLANG_WARN_SUSPICIOUS_MOVE = YES;
				CLANG_WARN_UNGUARDED_AVAILABILITY = YES_AGGRESSIVE;
				CLANG_WARN_UNREACHABLE_CODE = YES;
				CLANG_WARN__DUPLICATE_METHOD_MATCH = YES;
				COPY_PHASE_STRIP = NO;
				DEBUG_INFORMATION_FORMAT = "dwarf-with-dsym";
				ENABLE_NS_ASSERTIONS = NO;
				ENABLE_STRICT_OBJC_MSGSEND = YES;
				ENABLE_USER_SCRIPT_SANDBOXING = YES;
				GCC_C_LANGUAGE_STANDARD = gnu17;
				GCC_NO_COMMON_BLOCKS = YES;
				GCC_WARN_64_TO_32_BIT_CONVERSION = YES;
				GCC_WARN_ABOUT_RETURN_TYPE = YES_ERROR;
				GCC_WARN_UNDECLARED_SELECTOR = YES;
				GCC_WARN_UNINITIALIZED_AUTOS = YES_AGGRESSIVE;
				GCC_WARN_UNUSED_FUNCTION = YES;
				GCC_WARN_UNUSED_VARIABLE = YES;
				IPHONEOS_DEPLOYMENT_TARGET = 17.2;
				LOCALIZATION_PREFERS_STRING_CATALOGS = YES;
				MTL_ENABLE_DEBUG_INFO = NO;
				MTL_FAST_MATH = YES;
				SDKROOT = iphoneos;
				SWIFT_COMPILATION_MODE = wholemodule;
				VALIDATE_PRODUCT = YES;
			};
			name = Release;
		};
		DE44A97D2B70E2CD002EC78B /* Debug */ = {
			isa = XCBuildConfiguration;
			buildSettings = {
				ASSETCATALOG_COMPILER_APPICON_NAME = AppIcon;
				ASSETCATALOG_COMPILER_GLOBAL_ACCENT_COLOR_NAME = AccentColor;
				CODE_SIGN_STYLE = Automatic;
				CURRENT_PROJECT_VERSION = 1;
				DEVELOPMENT_TEAM = WD28M49YQQ;
				GENERATE_INFOPLIST_FILE = YES;
				INFOPLIST_FILE = DayCraft/Info.plist;
				INFOPLIST_KEY_UIApplicationSupportsIndirectInputEvents = YES;
				INFOPLIST_KEY_UILaunchStoryboardName = LaunchScreen;
				INFOPLIST_KEY_UIMainStoryboardFile = Main;
				INFOPLIST_KEY_UISupportedInterfaceOrientations_iPad = "UIInterfaceOrientationPortrait UIInterfaceOrientationPortraitUpsideDown UIInterfaceOrientationLandscapeLeft UIInterfaceOrientationLandscapeRight";
				INFOPLIST_KEY_UISupportedInterfaceOrientations_iPhone = "UIInterfaceOrientationPortrait UIInterfaceOrientationLandscapeLeft UIInterfaceOrientationLandscapeRight";
				LD_RUNPATH_SEARCH_PATHS = (
					"$(inherited)",
					"@executable_path/Frameworks",
				);
				MARKETING_VERSION = 1.0;
				PRODUCT_BUNDLE_IDENTIFIER = com.ArjunMohan.DayCraft;
				PRODUCT_NAME = "$(TARGET_NAME)";
				SWIFT_EMIT_LOC_STRINGS = YES;
				SWIFT_VERSION = 5.0;
				TARGETED_DEVICE_FAMILY = "1,2";
			};
			name = Debug;
		};
		DE44A97E2B70E2CD002EC78B /* Release */ = {
			isa = XCBuildConfiguration;
			buildSettings = {
				ASSETCATALOG_COMPILER_APPICON_NAME = AppIcon;
				ASSETCATALOG_COMPILER_GLOBAL_ACCENT_COLOR_NAME = AccentColor;
				CODE_SIGN_STYLE = Automatic;
				CURRENT_PROJECT_VERSION = 1;
				DEVELOPMENT_TEAM = WD28M49YQQ;
				GENERATE_INFOPLIST_FILE = YES;
				INFOPLIST_FILE = DayCraft/Info.plist;
				INFOPLIST_KEY_UIApplicationSupportsIndirectInputEvents = YES;
				INFOPLIST_KEY_UILaunchStoryboardName = LaunchScreen;
				INFOPLIST_KEY_UIMainStoryboardFile = Main;
				INFOPLIST_KEY_UISupportedInterfaceOrientations_iPad = "UIInterfaceOrientationPortrait UIInterfaceOrientationPortraitUpsideDown UIInterfaceOrientationLandscapeLeft UIInterfaceOrientationLandscapeRight";
				INFOPLIST_KEY_UISupportedInterfaceOrientations_iPhone = "UIInterfaceOrientationPortrait UIInterfaceOrientationLandscapeLeft UIInterfaceOrientationLandscapeRight";
				LD_RUNPATH_SEARCH_PATHS = (
					"$(inherited)",
					"@executable_path/Frameworks",
				);
				MARKETING_VERSION = 1.0;
				PRODUCT_BUNDLE_IDENTIFIER = com.ArjunMohan.DayCraft;
				PRODUCT_NAME = "$(TARGET_NAME)";
				SWIFT_EMIT_LOC_STRINGS = YES;
				SWIFT_VERSION = 5.0;
				TARGETED_DEVICE_FAMILY = "1,2";
			};
			name = Release;
		};
		DE44A9802B70E2CD002EC78B /* Debug */ = {
			isa = XCBuildConfiguration;
			buildSettings = {
				ALWAYS_EMBED_SWIFT_STANDARD_LIBRARIES = YES;
				BUNDLE_LOADER = "$(TEST_HOST)";
				CODE_SIGN_STYLE = Automatic;
				CURRENT_PROJECT_VERSION = 1;
				DEVELOPMENT_TEAM = WD28M49YQQ;
				GENERATE_INFOPLIST_FILE = YES;
				IPHONEOS_DEPLOYMENT_TARGET = 17.2;
				MARKETING_VERSION = 1.0;
				PRODUCT_BUNDLE_IDENTIFIER = com.ArjunMohan.DayCraftTests;
				PRODUCT_NAME = "$(TARGET_NAME)";
				SWIFT_EMIT_LOC_STRINGS = NO;
				SWIFT_VERSION = 5.0;
				TARGETED_DEVICE_FAMILY = "1,2";
				TEST_HOST = "$(BUILT_PRODUCTS_DIR)/DayCraft.app/$(BUNDLE_EXECUTABLE_FOLDER_PATH)/DayCraft";
			};
			name = Debug;
		};
		DE44A9812B70E2CD002EC78B /* Release */ = {
			isa = XCBuildConfiguration;
			buildSettings = {
				ALWAYS_EMBED_SWIFT_STANDARD_LIBRARIES = YES;
				BUNDLE_LOADER = "$(TEST_HOST)";
				CODE_SIGN_STYLE = Automatic;
				CURRENT_PROJECT_VERSION = 1;
				DEVELOPMENT_TEAM = WD28M49YQQ;
				GENERATE_INFOPLIST_FILE = YES;
				IPHONEOS_DEPLOYMENT_TARGET = 17.2;
				MARKETING_VERSION = 1.0;
				PRODUCT_BUNDLE_IDENTIFIER = com.ArjunMohan.DayCraftTests;
				PRODUCT_NAME = "$(TARGET_NAME)";
				SWIFT_EMIT_LOC_STRINGS = NO;
				SWIFT_VERSION = 5.0;
				TARGETED_DEVICE_FAMILY = "1,2";
				TEST_HOST = "$(BUILT_PRODUCTS_DIR)/DayCraft.app/$(BUNDLE_EXECUTABLE_FOLDER_PATH)/DayCraft";
			};
			name = Release;
		};
		DE44A9832B70E2CD002EC78B /* Debug */ = {
			isa = XCBuildConfiguration;
			buildSettings = {
				ALWAYS_EMBED_SWIFT_STANDARD_LIBRARIES = YES;
				CODE_SIGN_STYLE = Automatic;
				CURRENT_PROJECT_VERSION = 1;
				DEVELOPMENT_TEAM = WD28M49YQQ;
				GENERATE_INFOPLIST_FILE = YES;
				MARKETING_VERSION = 1.0;
				PRODUCT_BUNDLE_IDENTIFIER = com.ArjunMohan.DayCraftUITests;
				PRODUCT_NAME = "$(TARGET_NAME)";
				SWIFT_EMIT_LOC_STRINGS = NO;
				SWIFT_VERSION = 5.0;
				TARGETED_DEVICE_FAMILY = "1,2";
				TEST_TARGET_NAME = DayCraft;
			};
			name = Debug;
		};
		DE44A9842B70E2CD002EC78B /* Release */ = {
			isa = XCBuildConfiguration;
			buildSettings = {
				ALWAYS_EMBED_SWIFT_STANDARD_LIBRARIES = YES;
				CODE_SIGN_STYLE = Automatic;
				CURRENT_PROJECT_VERSION = 1;
				DEVELOPMENT_TEAM = WD28M49YQQ;
				GENERATE_INFOPLIST_FILE = YES;
				MARKETING_VERSION = 1.0;
				PRODUCT_BUNDLE_IDENTIFIER = com.ArjunMohan.DayCraftUITests;
				PRODUCT_NAME = "$(TARGET_NAME)";
				SWIFT_EMIT_LOC_STRINGS = NO;
				SWIFT_VERSION = 5.0;
				TARGETED_DEVICE_FAMILY = "1,2";
				TEST_TARGET_NAME = DayCraft;
			};
			name = Release;
		};
/* End XCBuildConfiguration section */

/* Begin XCConfigurationList section */
		DE44A94D2B70E2CA002EC78B /* Build configuration list for PBXProject "DayCraft" */ = {
			isa = XCConfigurationList;
			buildConfigurations = (
				DE44A97A2B70E2CD002EC78B /* Debug */,
				DE44A97B2B70E2CD002EC78B /* Release */,
			);
			defaultConfigurationIsVisible = 0;
			defaultConfigurationName = Release;
		};
		DE44A97C2B70E2CD002EC78B /* Build configuration list for PBXNativeTarget "DayCraft" */ = {
			isa = XCConfigurationList;
			buildConfigurations = (
				DE44A97D2B70E2CD002EC78B /* Debug */,
				DE44A97E2B70E2CD002EC78B /* Release */,
			);
			defaultConfigurationIsVisible = 0;
			defaultConfigurationName = Release;
		};
		DE44A97F2B70E2CD002EC78B /* Build configuration list for PBXNativeTarget "DayCraftTests" */ = {
			isa = XCConfigurationList;
			buildConfigurations = (
				DE44A9802B70E2CD002EC78B /* Debug */,
				DE44A9812B70E2CD002EC78B /* Release */,
			);
			defaultConfigurationIsVisible = 0;
			defaultConfigurationName = Release;
		};
		DE44A9822B70E2CD002EC78B /* Build configuration list for PBXNativeTarget "DayCraftUITests" */ = {
			isa = XCConfigurationList;
			buildConfigurations = (
				DE44A9832B70E2CD002EC78B /* Debug */,
				DE44A9842B70E2CD002EC78B /* Release */,
			);
			defaultConfigurationIsVisible = 0;
			defaultConfigurationName = Release;
		};
/* End XCConfigurationList section */
	};
	rootObject = DE44A94A2B70E2CA002EC78B /* Project object */;
}
